
Microsoft Visual Studio Solution File, Format Version 12.00
# Visual Studio Version 18
VisualStudioVersion = 18.0.11012.119
MinimumVisualStudioVersion = 10.0.40219.1
Project("{FAE04EC0-301F-11D3-BF4B-00C04F79EFBC}") = "Horizon.Orleans.Interface", "Horizon.Orleans.Interface\Horizon.Orleans.Interface.csproj", "{FA0B82DC-0A45-4B11-841E-D717A9D076DB}"
EndProject
Project("{FAE04EC0-301F-11D3-BF4B-00C04F79EFBC}") = "Horizon.Orleans.Grains", "Horizon.Orleans.Grains\Horizon.Orleans.Grains.csproj", "{B408D0F5-8F42-4C9E-8C87-DFA2509D89D9}"
EndProject
Project("{FAE04EC0-301F-11D3-BF4B-00C04F79EFBC}") = "Horizon.Orleans.Silo", "Horizon.Orleans.Silo\Horizon.Orleans.Silo.csproj", "{BCF8F048-8563-410C-83A8-5870B779D9C2}"
EndProject
Project("{FAE04EC0-301F-11D3-BF4B-00C04F79EFBC}") = "Horizon.Game.Gateway", "Horizon.Game.Gateway\Horizon.Game.Gateway.csproj", "{A33B2E28-4279-4DEC-A6D0-A2B51AABFB5E}"
EndProject
Project("{FAE04EC0-301F-11D3-BF4B-00C04F79EFBC}") = "Horizon.Game.Message", "Horizon.Game.Message\Horizon.Game.Message.csproj", "{23EB8F1A-47AD-4ABF-B429-F5768DAE263F}"
EndProject
Project("{FAE04EC0-301F-11D3-BF4B-00C04F79EFBC}") = "Horizon.Game.Core", "Horizon.Game.Core\Horizon.Game.Core.csproj", "{A0910D82-B538-4F80-815C-BD76A8D4A549}"
EndProject
Project("{FAE04EC0-301F-11D3-BF4B-00C04F79EFBC}") = "Horizon.Core", "Horizon.Core\Horizon.Core.csproj", "{2B1C5BA5-E66E-04EF-E154-D1AD4C553818}"
EndProject
Project("{FAE04EC0-301F-11D3-BF4B-00C04F79EFBC}") = "Horizon.Core.Abstract", "Horizon.Core.Abstract\Horizon.Core.Abstract.csproj", "{7FC6D629-B81C-664D-7E6D-A025AEE143F0}"
EndProject
Project("{FAE04EC0-301F-11D3-BF4B-00C04F79EFBC}") = "Horizon.Entities", "Horizon.Entities\Horizon.Entities.csproj", "{D4D17E68-E3B2-B07E-841B-7216AAA1F51E}"
EndProject
Project("{FAE04EC0-301F-11D3-BF4B-00C04F79EFBC}") = "Horizon.Mapper", "Horizon.Mapper\Horizon.Mapper.csproj", "{151A6BDA-9639-CF08-5F64-FE1CA697D786}"
EndProject
Project("{FAE04EC0-301F-11D3-BF4B-00C04F79EFBC}") = "Horizon.Model", "Horizon.Model\Horizon.Model.csproj", "{B5E96F4C-B462-90D6-2B26-912517441E1F}"
EndProject
Project("{FAE04EC0-301F-11D3-BF4B-00C04F79EFBC}") = "Horizon.Share", "Horizon.Share\Horizon.Share.csproj", "{D6C3F321-51D7-B35C-8CE0-6B8F38CC46E0}"
EndProject
Project("{FAE04EC0-301F-11D3-BF4B-00C04F79EFBC}") = "Horizon.Strategy.Storage.Redis", "Horizon.Strategy.Storage.Redis\Horizon.Strategy.Storage.Redis.csproj", "{34807F65-C045-73DD-30AF-5915839A0A84}"
EndProject
Project("{FAE04EC0-301F-11D3-BF4B-00C04F79EFBC}") = "Horizon.Game.Gateway.Tests", "Horizon.Game.Gateway.Tests\Horizon.Game.Gateway.Tests.csproj", "{5078BE09-228C-F50E-1818-41075C24C136}"
EndProject
Project("{FAE04EC0-301F-11D3-BF4B-00C04F79EFBC}") = "Horizon.WebApi", "Horizon.WebApi\Horizon.WebApi.csproj", "{AD307E23-A5EE-3357-1E3C-0E6CCF552C7C}"
EndProject
Project("{FAE04EC0-301F-11D3-BF4B-00C04F79EFBC}") = "Horizon.PerformanceTests", "Horizon.PerformanceTests\Horizon.PerformanceTests.csproj", "{0246D19C-6B76-49B0-BE3F-26150BCF230C}"
EndProject
Project("{2150E333-8FDC-42A3-9474-1A3956D46DE8}") = "HundunWorld", "HundunWorld", "{6AE43B57-CA0B-4AAE-5BB3-F9F3CE89CAB0}"
EndProject
Project("{2150E333-8FDC-42A3-9474-1A3956D46DE8}") = "Script", "Script", "{833DB21F-5167-D1C2-B00D-85BA75DCEC72}"
EndProject
Project("{FAE04EC0-301F-11D3-BF4B-00C04F79EFBC}") = "Horizon.Game.ECS", "Horizon.Game.ECS\Horizon.Game.ECS.csproj", "{172F641D-C563-30CA-560E-3140F53B1255}"
EndProject
Project("{FAE04EC0-301F-11D3-BF4B-00C04F79EFBC}") = "FluentAvalonia", "FluentAvalonia\FluentAvalonia.csproj", "{F9847F80-F277-29EF-58AA-3A3B2D519F43}"
EndProject
Project("{FAE04EC0-301F-11D3-BF4B-00C04F79EFBC}") = "Horizon.Game.GengDi", "Horizon.Game.GengDi\Horizon.Game.GengDi.csproj", "{ECF8591F-E68F-B686-CF13-E432A3A1E158}"
EndProject
Project("{FAE04EC0-301F-11D3-BF4B-00C04F79EFBC}") = "Horizon.Game.GengDi.PC", "Horizon.Game.GengDi.PC\Horizon.Game.GengDi.PC.csproj", "{044DAD10-0253-6C45-202B-E4F828CDF55E}"
EndProject
Project("{FAE04EC0-301F-11D3-BF4B-00C04F79EFBC}") = "Horizon.IM.Message", "Horizon.IM.Message\Horizon.IM.Message.csproj", "{6B4C0271-BFBC-493A-BE86-FF1CE87C9763}"
EndProject
Project("{FAE04EC0-301F-11D3-BF4B-00C04F79EFBC}") = "Horizon.Game.GengDi.Tests", "Horizon.Game.GengDi.Tests\Horizon.Game.GengDi.Tests.csproj", "{94C86165-2ED3-4F8C-9ED2-73315DE5D8DA}"
EndProject
Project("{FAE04EC0-301F-11D3-BF4B-00C04F79EFBC}") = "Horizon.IM.Gateway", "Horizon.IM.Gateway\Horizon.IM.Gateway.csproj", "{BA4CE066-00C2-A804-9561-1B2408E09792}"
EndProject
Project("{FAE04EC0-301F-11D3-BF4B-00C04F79EFBC}") = "Horizon.IM.Gateway.Tests", "Horizon.IM.Gateway.Tests\Horizon.IM.Gateway.Tests.csproj", "{93C5073F-12A6-F245-AB87-4A4F9ADE8098}"
EndProject
Project("{FAE04EC0-301F-11D3-BF4B-00C04F79EFBC}") = "Horizon.IM.Core", "Horizon.IM.Core\Horizon.IM.Core.csproj", "{CFAC75AC-42EF-FBBE-0C48-BD09C286208B}"
EndProject
Project("{FAE04EC0-301F-11D3-BF4B-00C04F79EFBC}") = "Horizon.Game.ECS.Arch", "Horizon.Game.ECS.Arch\Horizon.Game.ECS.Arch.csproj", "{D71F0F08-7418-4A7D-8F28-64F241E2BE76}"
EndProject
Project("{FAE04EC0-301F-11D3-BF4B-00C04F79EFBC}") = "Horizon.AI.Kernel", "Horizon.AI.Kernel\Horizon.AI.Kernel.csproj", "{A1B2C3D4-E5F6-7890-ABCD-EF1234567890}"
EndProject
Project("{FAE04EC0-301F-11D3-BF4B-00C04F79EFBC}") = "Horizon.WebAdmin", "Horizon.WebAdmin\Horizon.WebAdmin.csproj", "{B4DD9CAD-F242-5563-6C61-C3E16051FBB1}"
EndProject
Project("{FAE04EC0-301F-11D3-BF4B-00C04F79EFBC}") = "Horizon.IoT.MQTT", "Horizon.IoT.MQTT\Horizon.IoT.MQTT.csproj", "{24824B53-DB6A-4FBE-8852-F00145D38BBF}"
EndProject
Project("{FAE04EC0-301F-11D3-BF4B-00C04F79EFBC}") = "Game", "HundunWorld\Source\Game.csproj", "{1BEE45CF-C1BF-02A0-F26C-2B9792D6FBA6}"
EndProject
Project("{FAE04EC0-301F-11D3-BF4B-00C04F79EFBC}") = "NarrativePro", "HundunWorld\Plugins\NarrativePro\Source\NarrativePro.csproj", "{F9D82B12-4579-9D2A-71AF-7091BEC89DE1}"
EndProject
Project("{FAE04EC0-301F-11D3-BF4B-00C04F79EFBC}") = "NarrativeProEditor", "HundunWorld\Plugins\NarrativePro\Source\NarrativeProEditor.csproj", "{4263804B-5661-1A0F-DC3C-8C8D22358E12}"
EndProject
Global
	GlobalSection(SolutionConfigurationPlatforms) = preSolution
		Debug|Any CPU = Debug|Any CPU
		Debug|x64 = Debug|x64
		Debug|x86 = Debug|x86
		Release|Any CPU = Release|Any CPU
		Release|x64 = Release|x64
		Release|x86 = Release|x86
	EndGlobalSection
	GlobalSection(ProjectConfigurationPlatforms) = postSolution
		{FA0B82DC-0A45-4B11-841E-D717A9D076DB}.Debug|Any CPU.ActiveCfg = Debug|Any CPU
		{FA0B82DC-0A45-4B11-841E-D717A9D076DB}.Debug|Any CPU.Build.0 = Debug|Any CPU
		{FA0B82DC-0A45-4B11-841E-D717A9D076DB}.Debug|x64.ActiveCfg = Debug|Any CPU
		{FA0B82DC-0A45-4B11-841E-D717A9D076DB}.Debug|x64.Build.0 = Debug|Any CPU
		{FA0B82DC-0A45-4B11-841E-D717A9D076DB}.Debug|x86.ActiveCfg = Debug|Any CPU
		{FA0B82DC-0A45-4B11-841E-D717A9D076DB}.Debug|x86.Build.0 = Debug|Any CPU
		{FA0B82DC-0A45-4B11-841E-D717A9D076DB}.Release|Any CPU.ActiveCfg = Release|Any CPU
		{FA0B82DC-0A45-4B11-841E-D717A9D076DB}.Release|Any CPU.Build.0 = Release|Any CPU
		{FA0B82DC-0A45-4B11-841E-D717A9D076DB}.Release|x64.ActiveCfg = Release|Any CPU
		{FA0B82DC-0A45-4B11-841E-D717A9D076DB}.Release|x64.Build.0 = Release|Any CPU
		{FA0B82DC-0A45-4B11-841E-D717A9D076DB}.Release|x86.ActiveCfg = Release|Any CPU
		{FA0B82DC-0A45-4B11-841E-D717A9D076DB}.Release|x86.Build.0 = Release|Any CPU
		{B408D0F5-8F42-4C9E-8C87-DFA2509D89D9}.Debug|Any CPU.ActiveCfg = Debug|Any CPU
		{B408D0F5-8F42-4C9E-8C87-DFA2509D89D9}.Debug|Any CPU.Build.0 = Debug|Any CPU
		{B408D0F5-8F42-4C9E-8C87-DFA2509D89D9}.Debug|x64.ActiveCfg = Debug|Any CPU
		{B408D0F5-8F42-4C9E-8C87-DFA2509D89D9}.Debug|x64.Build.0 = Debug|Any CPU
		{B408D0F5-8F42-4C9E-8C87-DFA2509D89D9}.Debug|x86.ActiveCfg = Debug|Any CPU
		{B408D0F5-8F42-4C9E-8C87-DFA2509D89D9}.Debug|x86.Build.0 = Debug|Any CPU
		{B408D0F5-8F42-4C9E-8C87-DFA2509D89D9}.Release|Any CPU.ActiveCfg = Release|Any CPU
		{B408D0F5-8F42-4C9E-8C87-DFA2509D89D9}.Release|Any CPU.Build.0 = Release|Any CPU
		{B408D0F5-8F42-4C9E-8C87-DFA2509D89D9}.Release|x64.ActiveCfg = Release|Any CPU
		{B408D0F5-8F42-4C9E-8C87-DFA2509D89D9}.Release|x64.Build.0 = Release|Any CPU
		{B408D0F5-8F42-4C9E-8C87-DFA2509D89D9}.Release|x86.ActiveCfg = Release|Any CPU
		{B408D0F5-8F42-4C9E-8C87-DFA2509D89D9}.Release|x86.Build.0 = Release|Any CPU
		{BCF8F048-8563-410C-83A8-5870B779D9C2}.Debug|Any CPU.ActiveCfg = Debug|Any CPU
		{BCF8F048-8563-410C-83A8-5870B779D9C2}.Debug|Any CPU.Build.0 = Debug|Any CPU
		{BCF8F048-8563-410C-83A8-5870B779D9C2}.Debug|x64.ActiveCfg = Debug|Any CPU
		{BCF8F048-8563-410C-83A8-5870B779D9C2}.Debug|x64.Build.0 = Debug|Any CPU
		{BCF8F048-8563-410C-83A8-5870B779D9C2}.Debug|x86.ActiveCfg = Debug|Any CPU
		{BCF8F048-8563-410C-83A8-5870B779D9C2}.Debug|x86.Build.0 = Debug|Any CPU
		{BCF8F048-8563-410C-83A8-5870B779D9C2}.Release|Any CPU.ActiveCfg = Release|Any CPU
		{BCF8F048-8563-410C-83A8-5870B779D9C2}.Release|Any CPU.Build.0 = Release|Any CPU
		{BCF8F048-8563-410C-83A8-5870B779D9C2}.Release|x64.ActiveCfg = Release|Any CPU
		{BCF8F048-8563-410C-83A8-5870B779D9C2}.Release|x64.Build.0 = Release|Any CPU
		{BCF8F048-8563-410C-83A8-5870B779D9C2}.Release|x86.ActiveCfg = Release|Any CPU
		{BCF8F048-8563-410C-83A8-5870B779D9C2}.Release|x86.Build.0 = Release|Any CPU
		{A33B2E28-4279-4DEC-A6D0-A2B51AABFB5E}.Debug|Any CPU.ActiveCfg = Debug|Any CPU
		{A33B2E28-4279-4DEC-A6D0-A2B51AABFB5E}.Debug|Any CPU.Build.0 = Debug|Any CPU
		{A33B2E28-4279-4DEC-A6D0-A2B51AABFB5E}.Debug|x64.ActiveCfg = Debug|Any CPU
		{A33B2E28-4279-4DEC-A6D0-A2B51AABFB5E}.Debug|x64.Build.0 = Debug|Any CPU
		{A33B2E28-4279-4DEC-A6D0-A2B51AABFB5E}.Debug|x86.ActiveCfg = Debug|Any CPU
		{A33B2E28-4279-4DEC-A6D0-A2B51AABFB5E}.Debug|x86.Build.0 = Debug|Any CPU
		{A33B2E28-4279-4DEC-A6D0-A2B51AABFB5E}.Release|Any CPU.ActiveCfg = Release|Any CPU
		{A33B2E28-4279-4DEC-A6D0-A2B51AABFB5E}.Release|Any CPU.Build.0 = Release|Any CPU
		{A33B2E28-4279-4DEC-A6D0-A2B51AABFB5E}.Release|x64.ActiveCfg = Release|Any CPU
		{A33B2E28-4279-4DEC-A6D0-A2B51AABFB5E}.Release|x64.Build.0 = Release|Any CPU
		{A33B2E28-4279-4DEC-A6D0-A2B51AABFB5E}.Release|x86.ActiveCfg = Release|Any CPU
		{A33B2E28-4279-4DEC-A6D0-A2B51AABFB5E}.Release|x86.Build.0 = Release|Any CPU
		{23EB8F1A-47AD-4ABF-B429-F5768DAE263F}.Debug|Any CPU.ActiveCfg = Debug|Any CPU
		{23EB8F1A-47AD-4ABF-B429-F5768DAE263F}.Debug|Any CPU.Build.0 = Debug|Any CPU
		{23EB8F1A-47AD-4ABF-B429-F5768DAE263F}.Debug|x64.ActiveCfg = Debug|Any CPU
		{23EB8F1A-47AD-4ABF-B429-F5768DAE263F}.Debug|x64.Build.0 = Debug|Any CPU
		{23EB8F1A-47AD-4ABF-B429-F5768DAE263F}.Debug|x86.ActiveCfg = Debug|Any CPU
		{23EB8F1A-47AD-4ABF-B429-F5768DAE263F}.Debug|x86.Build.0 = Debug|Any CPU
		{23EB8F1A-47AD-4ABF-B429-F5768DAE263F}.Release|Any CPU.ActiveCfg = Release|Any CPU
		{23EB8F1A-47AD-4ABF-B429-F5768DAE263F}.Release|Any CPU.Build.0 = Release|Any CPU
		{23EB8F1A-47AD-4ABF-B429-F5768DAE263F}.Release|x64.ActiveCfg = Release|Any CPU
		{23EB8F1A-47AD-4ABF-B429-F5768DAE263F}.Release|x64.Build.0 = Release|Any CPU
		{23EB8F1A-47AD-4ABF-B429-F5768DAE263F}.Release|x86.ActiveCfg = Release|Any CPU
		{23EB8F1A-47AD-4ABF-B429-F5768DAE263F}.Release|x86.Build.0 = Release|Any CPU
		{A0910D82-B538-4F80-815C-BD76A8D4A549}.Debug|Any CPU.ActiveCfg = Debug|Any CPU
		{A0910D82-B538-4F80-815C-BD76A8D4A549}.Debug|Any CPU.Build.0 = Debug|Any CPU
		{A0910D82-B538-4F80-815C-BD76A8D4A549}.Debug|x64.ActiveCfg = Debug|Any CPU
		{A0910D82-B538-4F80-815C-BD76A8D4A549}.Debug|x64.Build.0 = Debug|Any CPU
		{A0910D82-B538-4F80-815C-BD76A8D4A549}.Debug|x86.ActiveCfg = Debug|Any CPU
		{A0910D82-B538-4F80-815C-BD76A8D4A549}.Debug|x86.Build.0 = Debug|Any CPU
		{A0910D82-B538-4F80-815C-BD76A8D4A549}.Release|Any CPU.ActiveCfg = Release|Any CPU
		{A0910D82-B538-4F80-815C-BD76A8D4A549}.Release|Any CPU.Build.0 = Release|Any CPU
		{A0910D82-B538-4F80-815C-BD76A8D4A549}.Release|x64.ActiveCfg = Release|Any CPU
		{A0910D82-B538-4F80-815C-BD76A8D4A549}.Release|x64.Build.0 = Release|Any CPU
		{A0910D82-B538-4F80-815C-BD76A8D4A549}.Release|x86.ActiveCfg = Release|Any CPU
		{A0910D82-B538-4F80-815C-BD76A8D4A549}.Release|x86.Build.0 = Release|Any CPU
		{2B1C5BA5-E66E-04EF-E154-D1AD4C553818}.Debug|Any CPU.ActiveCfg = Debug|Any CPU
		{2B1C5BA5-E66E-04EF-E154-D1AD4C553818}.Debug|Any CPU.Build.0 = Debug|Any CPU
		{2B1C5BA5-E66E-04EF-E154-D1AD4C553818}.Debug|x64.ActiveCfg = Debug|Any CPU
		{2B1C5BA5-E66E-04EF-E154-D1AD4C553818}.Debug|x64.Build.0 = Debug|Any CPU
		{2B1C5BA5-E66E-04EF-E154-D1AD4C553818}.Debug|x86.ActiveCfg = Debug|Any CPU
		{2B1C5BA5-E66E-04EF-E154-D1AD4C553818}.Debug|x86.Build.0 = Debug|Any CPU
		{2B1C5BA5-E66E-04EF-E154-D1AD4C553818}.Release|Any CPU.ActiveCfg = Release|Any CPU
		{2B1C5BA5-E66E-04EF-E154-D1AD4C553818}.Release|Any CPU.Build.0 = Release|Any CPU
		{2B1C5BA5-E66E-04EF-E154-D1AD4C553818}.Release|x64.ActiveCfg = Release|Any CPU
		{2B1C5BA5-E66E-04EF-E154-D1AD4C553818}.Release|x64.Build.0 = Release|Any CPU
		{2B1C5BA5-E66E-04EF-E154-D1AD4C553818}.Release|x86.ActiveCfg = Release|Any CPU
		{2B1C5BA5-E66E-04EF-E154-D1AD4C553818}.Release|x86.Build.0 = Release|Any CPU
		{7FC6D629-B81C-664D-7E6D-A025AEE143F0}.Debug|Any CPU.ActiveCfg = Debug|Any CPU
		{7FC6D629-B81C-664D-7E6D-A025AEE143F0}.Debug|Any CPU.Build.0 = Debug|Any CPU
		{7FC6D629-B81C-664D-7E6D-A025AEE143F0}.Debug|x64.ActiveCfg = Debug|Any CPU
		{7FC6D629-B81C-664D-7E6D-A025AEE143F0}.Debug|x64.Build.0 = Debug|Any CPU
		{7FC6D629-B81C-664D-7E6D-A025AEE143F0}.Debug|x86.ActiveCfg = Debug|Any CPU
		{7FC6D629-B81C-664D-7E6D-A025AEE143F0}.Debug|x86.Build.0 = Debug|Any CPU
		{7FC6D629-B81C-664D-7E6D-A025AEE143F0}.Release|Any CPU.ActiveCfg = Release|Any CPU
		{7FC6D629-B81C-664D-7E6D-A025AEE143F0}.Release|Any CPU.Build.0 = Release|Any CPU
		{7FC6D629-B81C-664D-7E6D-A025AEE143F0}.Release|x64.ActiveCfg = Release|Any CPU
		{7FC6D629-B81C-664D-7E6D-A025AEE143F0}.Release|x64.Build.0 = Release|Any CPU
		{7FC6D629-B81C-664D-7E6D-A025AEE143F0}.Release|x86.ActiveCfg = Release|Any CPU
		{7FC6D629-B81C-664D-7E6D-A025AEE143F0}.Release|x86.Build.0 = Release|Any CPU
		{D4D17E68-E3B2-B07E-841B-7216AAA1F51E}.Debug|Any CPU.ActiveCfg = Debug|Any CPU
		{D4D17E68-E3B2-B07E-841B-7216AAA1F51E}.Debug|Any CPU.Build.0 = Debug|Any CPU
		{D4D17E68-E3B2-B07E-841B-7216AAA1F51E}.Debug|x64.ActiveCfg = Debug|Any CPU
		{D4D17E68-E3B2-B07E-841B-7216AAA1F51E}.Debug|x64.Build.0 = Debug|Any CPU
		{D4D17E68-E3B2-B07E-841B-7216AAA1F51E}.Debug|x86.ActiveCfg = Debug|Any CPU
		{D4D17E68-E3B2-B07E-841B-7216AAA1F51E}.Debug|x86.Build.0 = Debug|Any CPU
		{D4D17E68-E3B2-B07E-841B-7216AAA1F51E}.Release|Any CPU.ActiveCfg = Release|Any CPU
		{D4D17E68-E3B2-B07E-841B-7216AAA1F51E}.Release|Any CPU.Build.0 = Release|Any CPU
		{D4D17E68-E3B2-B07E-841B-7216AAA1F51E}.Release|x64.ActiveCfg = Release|Any CPU
		{D4D17E68-E3B2-B07E-841B-7216AAA1F51E}.Release|x64.Build.0 = Release|Any CPU
		{D4D17E68-E3B2-B07E-841B-7216AAA1F51E}.Release|x86.ActiveCfg = Release|Any CPU
		{D4D17E68-E3B2-B07E-841B-7216AAA1F51E}.Release|x86.Build.0 = Release|Any CPU
		{151A6BDA-9639-CF08-5F64-FE1CA697D786}.Debug|Any CPU.ActiveCfg = Debug|Any CPU
		{151A6BDA-9639-CF08-5F64-FE1CA697D786}.Debug|Any CPU.Build.0 = Debug|Any CPU
		{151A6BDA-9639-CF08-5F64-FE1CA697D786}.Debug|x64.ActiveCfg = Debug|Any CPU
		{151A6BDA-9639-CF08-5F64-FE1CA697D786}.Debug|x64.Build.0 = Debug|Any CPU
		{151A6BDA-9639-CF08-5F64-FE1CA697D786}.Debug|x86.ActiveCfg = Debug|Any CPU
		{151A6BDA-9639-CF08-5F64-FE1CA697D786}.Debug|x86.Build.0 = Debug|Any CPU
		{151A6BDA-9639-CF08-5F64-FE1CA697D786}.Release|Any CPU.ActiveCfg = Release|Any CPU
		{151A6BDA-9639-CF08-5F64-FE1CA697D786}.Release|Any CPU.Build.0 = Release|Any CPU
		{151A6BDA-9639-CF08-5F64-FE1CA697D786}.Release|x64.ActiveCfg = Release|Any CPU
		{151A6BDA-9639-CF08-5F64-FE1CA697D786}.Release|x64.Build.0 = Release|Any CPU
		{151A6BDA-9639-CF08-5F64-FE1CA697D786}.Release|x86.ActiveCfg = Release|Any CPU
		{151A6BDA-9639-CF08-5F64-FE1CA697D786}.Release|x86.Build.0 = Release|Any CPU
		{B5E96F4C-B462-90D6-2B26-912517441E1F}.Debug|Any CPU.ActiveCfg = Debug|Any CPU
		{B5E96F4C-B462-90D6-2B26-912517441E1F}.Debug|Any CPU.Build.0 = Debug|Any CPU
		{B5E96F4C-B462-90D6-2B26-912517441E1F}.Debug|x64.ActiveCfg = Debug|Any CPU
		{B5E96F4C-B462-90D6-2B26-912517441E1F}.Debug|x64.Build.0 = Debug|Any CPU
		{B5E96F4C-B462-90D6-2B26-912517441E1F}.Debug|x86.ActiveCfg = Debug|Any CPU
		{B5E96F4C-B462-90D6-2B26-912517441E1F}.Debug|x86.Build.0 = Debug|Any CPU
		{B5E96F4C-B462-90D6-2B26-912517441E1F}.Release|Any CPU.ActiveCfg = Release|Any CPU
		{B5E96F4C-B462-90D6-2B26-912517441E1F}.Release|Any CPU.Build.0 = Release|Any CPU
		{B5E96F4C-B462-90D6-2B26-912517441E1F}.Release|x64.ActiveCfg = Release|Any CPU
		{B5E96F4C-B462-90D6-2B26-912517441E1F}.Release|x64.Build.0 = Release|Any CPU
		{B5E96F4C-B462-90D6-2B26-912517441E1F}.Release|x86.ActiveCfg = Release|Any CPU
		{B5E96F4C-B462-90D6-2B26-912517441E1F}.Release|x86.Build.0 = Release|Any CPU
		{D6C3F321-51D7-B35C-8CE0-6B8F38CC46E0}.Debug|Any CPU.ActiveCfg = Debug|Any CPU
		{D6C3F321-51D7-B35C-8CE0-6B8F38CC46E0}.Debug|Any CPU.Build.0 = Debug|Any CPU
		{D6C3F321-51D7-B35C-8CE0-6B8F38CC46E0}.Debug|x64.ActiveCfg = Debug|Any CPU
		{D6C3F321-51D7-B35C-8CE0-6B8F38CC46E0}.Debug|x64.Build.0 = Debug|Any CPU
		{D6C3F321-51D7-B35C-8CE0-6B8F38CC46E0}.Debug|x86.ActiveCfg = Debug|Any CPU
		{D6C3F321-51D7-B35C-8CE0-6B8F38CC46E0}.Debug|x86.Build.0 = Debug|Any CPU
		{D6C3F321-51D7-B35C-8CE0-6B8F38CC46E0}.Release|Any CPU.ActiveCfg = Release|Any CPU
		{D6C3F321-51D7-B35C-8CE0-6B8F38CC46E0}.Release|Any CPU.Build.0 = Release|Any CPU
		{D6C3F321-51D7-B35C-8CE0-6B8F38CC46E0}.Release|x64.ActiveCfg = Release|Any CPU
		{D6C3F321-51D7-B35C-8CE0-6B8F38CC46E0}.Release|x64.Build.0 = Release|Any CPU
		{D6C3F321-51D7-B35C-8CE0-6B8F38CC46E0}.Release|x86.ActiveCfg = Release|Any CPU
		{D6C3F321-51D7-B35C-8CE0-6B8F38CC46E0}.Release|x86.Build.0 = Release|Any CPU
		{34807F65-C045-73DD-30AF-5915839A0A84}.Debug|Any CPU.ActiveCfg = Debug|Any CPU
		{34807F65-C045-73DD-30AF-5915839A0A84}.Debug|Any CPU.Build.0 = Debug|Any CPU
		{34807F65-C045-73DD-30AF-5915839A0A84}.Debug|x64.ActiveCfg = Debug|Any CPU
		{34807F65-C045-73DD-30AF-5915839A0A84}.Debug|x64.Build.0 = Debug|Any CPU
		{34807F65-C045-73DD-30AF-5915839A0A84}.Debug|x86.ActiveCfg = Debug|Any CPU
		{34807F65-C045-73DD-30AF-5915839A0A84}.Debug|x86.Build.0 = Debug|Any CPU
		{34807F65-C045-73DD-30AF-5915839A0A84}.Release|Any CPU.ActiveCfg = Release|Any CPU
		{34807F65-C045-73DD-30AF-5915839A0A84}.Release|Any CPU.Build.0 = Release|Any CPU
		{34807F65-C045-73DD-30AF-5915839A0A84}.Release|x64.ActiveCfg = Release|Any CPU
		{34807F65-C045-73DD-30AF-5915839A0A84}.Release|x64.Build.0 = Release|Any CPU
		{34807F65-C045-73DD-30AF-5915839A0A84}.Release|x86.ActiveCfg = Release|Any CPU
		{34807F65-C045-73DD-30AF-5915839A0A84}.Release|x86.Build.0 = Release|Any CPU
		{5078BE09-228C-F50E-1818-41075C24C136}.Debug|Any CPU.ActiveCfg = Debug|Any CPU
		{5078BE09-228C-F50E-1818-41075C24C136}.Debug|Any CPU.Build.0 = Debug|Any CPU
		{5078BE09-228C-F50E-1818-41075C24C136}.Debug|x64.ActiveCfg = Debug|Any CPU
		{5078BE09-228C-F50E-1818-41075C24C136}.Debug|x64.Build.0 = Debug|Any CPU
		{5078BE09-228C-F50E-1818-41075C24C136}.Debug|x86.ActiveCfg = Debug|Any CPU
		{5078BE09-228C-F50E-1818-41075C24C136}.Debug|x86.Build.0 = Debug|Any CPU
		{5078BE09-228C-F50E-1818-41075C24C136}.Release|Any CPU.ActiveCfg = Release|Any CPU
		{5078BE09-228C-F50E-1818-41075C24C136}.Release|Any CPU.Build.0 = Release|Any CPU
		{5078BE09-228C-F50E-1818-41075C24C136}.Release|x64.ActiveCfg = Release|Any CPU
		{5078BE09-228C-F50E-1818-41075C24C136}.Release|x64.Build.0 = Release|Any CPU
		{5078BE09-228C-F50E-1818-41075C24C136}.Release|x86.ActiveCfg = Release|Any CPU
		{5078BE09-228C-F50E-1818-41075C24C136}.Release|x86.Build.0 = Release|Any CPU
		{AD307E23-A5EE-3357-1E3C-0E6CCF552C7C}.Debug|Any CPU.ActiveCfg = Debug|Any CPU
		{AD307E23-A5EE-3357-1E3C-0E6CCF552C7C}.Debug|Any CPU.Build.0 = Debug|Any CPU
		{AD307E23-A5EE-3357-1E3C-0E6CCF552C7C}.Debug|x64.ActiveCfg = Debug|Any CPU
		{AD307E23-A5EE-3357-1E3C-0E6CCF552C7C}.Debug|x64.Build.0 = Debug|Any CPU
		{AD307E23-A5EE-3357-1E3C-0E6CCF552C7C}.Debug|x86.ActiveCfg = Debug|Any CPU
		{AD307E23-A5EE-3357-1E3C-0E6CCF552C7C}.Debug|x86.Build.0 = Debug|Any CPU
		{AD307E23-A5EE-3357-1E3C-0E6CCF552C7C}.Release|Any CPU.ActiveCfg = Release|Any CPU
		{AD307E23-A5EE-3357-1E3C-0E6CCF552C7C}.Release|Any CPU.Build.0 = Release|Any CPU
		{AD307E23-A5EE-3357-1E3C-0E6CCF552C7C}.Release|x64.ActiveCfg = Release|Any CPU
		{AD307E23-A5EE-3357-1E3C-0E6CCF552C7C}.Release|x64.Build.0 = Release|Any CPU
		{AD307E23-A5EE-3357-1E3C-0E6CCF552C7C}.Release|x86.ActiveCfg = Release|Any CPU
		{AD307E23-A5EE-3357-1E3C-0E6CCF552C7C}.Release|x86.Build.0 = Release|Any CPU
		{0246D19C-6B76-49B0-BE3F-26150BCF230C}.Debug|Any CPU.ActiveCfg = Debug|Any CPU
		{0246D19C-6B76-49B0-BE3F-26150BCF230C}.Debug|Any CPU.Build.0 = Debug|Any CPU
		{0246D19C-6B76-49B0-BE3F-26150BCF230C}.Debug|x64.ActiveCfg = Debug|Any CPU
		{0246D19C-6B76-49B0-BE3F-26150BCF230C}.Debug|x64.Build.0 = Debug|Any CPU
		{0246D19C-6B76-49B0-BE3F-26150BCF230C}.Debug|x86.ActiveCfg = Debug|Any CPU
		{0246D19C-6B76-49B0-BE3F-26150BCF230C}.Debug|x86.Build.0 = Debug|Any CPU
		{0246D19C-6B76-49B0-BE3F-26150BCF230C}.Release|Any CPU.ActiveCfg = Release|Any CPU
		{0246D19C-6B76-49B0-BE3F-26150BCF230C}.Release|Any CPU.Build.0 = Release|Any CPU
		{0246D19C-6B76-49B0-BE3F-26150BCF230C}.Release|x64.ActiveCfg = Release|Any CPU
		{0246D19C-6B76-49B0-BE3F-26150BCF230C}.Release|x64.Build.0 = Release|Any CPU
		{0246D19C-6B76-49B0-BE3F-26150BCF230C}.Release|x86.ActiveCfg = Release|Any CPU
		{0246D19C-6B76-49B0-BE3F-26150BCF230C}.Release|x86.Build.0 = Release|Any CPU
		{172F641D-C563-30CA-560E-3140F53B1255}.Debug|Any CPU.ActiveCfg = Debug|Any CPU
		{172F641D-C563-30CA-560E-3140F53B1255}.Debug|Any CPU.Build.0 = Debug|Any CPU
		{172F641D-C563-30CA-560E-3140F53B1255}.Debug|x64.ActiveCfg = Debug|Any CPU
		{172F641D-C563-30CA-560E-3140F53B1255}.Debug|x64.Build.0 = Debug|Any CPU
		{172F641D-C563-30CA-560E-3140F53B1255}.Debug|x86.ActiveCfg = Debug|Any CPU
		{172F641D-C563-30CA-560E-3140F53B1255}.Debug|x86.Build.0 = Debug|Any CPU
		{172F641D-C563-30CA-560E-3140F53B1255}.Release|Any CPU.ActiveCfg = Release|Any CPU
		{172F641D-C563-30CA-560E-3140F53B1255}.Release|Any CPU.Build.0 = Release|Any CPU
		{172F641D-C563-30CA-560E-3140F53B1255}.Release|x64.ActiveCfg = Release|Any CPU
		{172F641D-C563-30CA-560E-3140F53B1255}.Release|x64.Build.0 = Release|Any CPU
		{172F641D-C563-30CA-560E-3140F53B1255}.Release|x86.ActiveCfg = Release|Any CPU
		{172F641D-C563-30CA-560E-3140F53B1255}.Release|x86.Build.0 = Release|Any CPU
		{F9847F80-F277-29EF-58AA-3A3B2D519F43}.Debug|Any CPU.ActiveCfg = Debug|Any CPU
		{F9847F80-F277-29EF-58AA-3A3B2D519F43}.Debug|Any CPU.Build.0 = Debug|Any CPU
		{F9847F80-F277-29EF-58AA-3A3B2D519F43}.Debug|x64.ActiveCfg = Debug|Any CPU
		{F9847F80-F277-29EF-58AA-3A3B2D519F43}.Debug|x64.Build.0 = Debug|Any CPU
		{F9847F80-F277-29EF-58AA-3A3B2D519F43}.Debug|x86.ActiveCfg = Debug|Any CPU
		{F9847F80-F277-29EF-58AA-3A3B2D519F43}.Debug|x86.Build.0 = Debug|Any CPU
		{F9847F80-F277-29EF-58AA-3A3B2D519F43}.Release|Any CPU.ActiveCfg = Release|Any CPU
		{F9847F80-F277-29EF-58AA-3A3B2D519F43}.Release|Any CPU.Build.0 = Release|Any CPU
		{F9847F80-F277-29EF-58AA-3A3B2D519F43}.Release|x64.ActiveCfg = Release|Any CPU
		{F9847F80-F277-29EF-58AA-3A3B2D519F43}.Release|x64.Build.0 = Release|Any CPU
		{F9847F80-F277-29EF-58AA-3A3B2D519F43}.Release|x86.ActiveCfg = Release|Any CPU
		{F9847F80-F277-29EF-58AA-3A3B2D519F43}.Release|x86.Build.0 = Release|Any CPU
		{ECF8591F-E68F-B686-CF13-E432A3A1E158}.Debug|Any CPU.ActiveCfg = Debug|Any CPU
		{ECF8591F-E68F-B686-CF13-E432A3A1E158}.Debug|Any CPU.Build.0 = Debug|Any CPU
		{ECF8591F-E68F-B686-CF13-E432A3A1E158}.Debug|x64.ActiveCfg = Debug|Any CPU
		{ECF8591F-E68F-B686-CF13-E432A3A1E158}.Debug|x64.Build.0 = Debug|Any CPU
		{ECF8591F-E68F-B686-CF13-E432A3A1E158}.Debug|x86.ActiveCfg = Debug|Any CPU
		{ECF8591F-E68F-B686-CF13-E432A3A1E158}.Debug|x86.Build.0 = Debug|Any CPU
		{ECF8591F-E68F-B686-CF13-E432A3A1E158}.Release|Any CPU.ActiveCfg = Release|Any CPU
		{ECF8591F-E68F-B686-CF13-E432A3A1E158}.Release|Any CPU.Build.0 = Release|Any CPU
		{ECF8591F-E68F-B686-CF13-E432A3A1E158}.Release|x64.ActiveCfg = Release|Any CPU
		{ECF8591F-E68F-B686-CF13-E432A3A1E158}.Release|x64.Build.0 = Release|Any CPU
		{ECF8591F-E68F-B686-CF13-E432A3A1E158}.Release|x86.ActiveCfg = Release|Any CPU
		{ECF8591F-E68F-B686-CF13-E432A3A1E158}.Release|x86.Build.0 = Release|Any CPU
		{044DAD10-0253-6C45-202B-E4F828CDF55E}.Debug|Any CPU.ActiveCfg = Debug|Any CPU
		{044DAD10-0253-6C45-202B-E4F828CDF55E}.Debug|Any CPU.Build.0 = Debug|Any CPU
		{044DAD10-0253-6C45-202B-E4F828CDF55E}.Debug|x64.ActiveCfg = Debug|Any CPU
		{044DAD10-0253-6C45-202B-E4F828CDF55E}.Debug|x64.Build.0 = Debug|Any CPU
		{044DAD10-0253-6C45-202B-E4F828CDF55E}.Debug|x86.ActiveCfg = Debug|Any CPU
		{044DAD10-0253-6C45-202B-E4F828CDF55E}.Debug|x86.Build.0 = Debug|Any CPU
		{044DAD10-0253-6C45-202B-E4F828CDF55E}.Release|Any CPU.ActiveCfg = Release|Any CPU
		{044DAD10-0253-6C45-202B-E4F828CDF55E}.Release|Any CPU.Build.0 = Release|Any CPU
		{044DAD10-0253-6C45-202B-E4F828CDF55E}.Release|x64.ActiveCfg = Release|Any CPU
		{044DAD10-0253-6C45-202B-E4F828CDF55E}.Release|x64.Build.0 = Release|Any CPU
		{044DAD10-0253-6C45-202B-E4F828CDF55E}.Release|x86.ActiveCfg = Release|Any CPU
		{044DAD10-0253-6C45-202B-E4F828CDF55E}.Release|x86.Build.0 = Release|Any CPU
		{6B4C0271-BFBC-493A-BE86-FF1CE87C9763}.Debug|Any CPU.ActiveCfg = Debug|Any CPU
		{6B4C0271-BFBC-493A-BE86-FF1CE87C9763}.Debug|Any CPU.Build.0 = Debug|Any CPU
		{6B4C0271-BFBC-493A-BE86-FF1CE87C9763}.Debug|x64.ActiveCfg = Debug|Any CPU
		{6B4C0271-BFBC-493A-BE86-FF1CE87C9763}.Debug|x64.Build.0 = Debug|Any CPU
		{6B4C0271-BFBC-493A-BE86-FF1CE87C9763}.Debug|x86.ActiveCfg = Debug|Any CPU
		{6B4C0271-BFBC-493A-BE86-FF1CE87C9763}.Debug|x86.Build.0 = Debug|Any CPU
		{6B4C0271-BFBC-493A-BE86-FF1CE87C9763}.Release|Any CPU.ActiveCfg = Release|Any CPU
		{6B4C0271-BFBC-493A-BE86-FF1CE87C9763}.Release|Any CPU.Build.0 = Release|Any CPU
		{6B4C0271-BFBC-493A-BE86-FF1CE87C9763}.Release|x64.ActiveCfg = Release|Any CPU
		{6B4C0271-BFBC-493A-BE86-FF1CE87C9763}.Release|x64.Build.0 = Release|Any CPU
		{6B4C0271-BFBC-493A-BE86-FF1CE87C9763}.Release|x86.ActiveCfg = Release|Any CPU
		{6B4C0271-BFBC-493A-BE86-FF1CE87C9763}.Release|x86.Build.0 = Release|Any CPU
		{94C86165-2ED3-4F8C-9ED2-73315DE5D8DA}.Debug|Any CPU.ActiveCfg = Debug|Any CPU
		{94C86165-2ED3-4F8C-9ED2-73315DE5D8DA}.Debug|Any CPU.Build.0 = Debug|Any CPU
		{94C86165-2ED3-4F8C-9ED2-73315DE5D8DA}.Debug|x64.ActiveCfg = Debug|Any CPU
		{94C86165-2ED3-4F8C-9ED2-73315DE5D8DA}.Debug|x64.Build.0 = Debug|Any CPU
		{94C86165-2ED3-4F8C-9ED2-73315DE5D8DA}.Debug|x86.ActiveCfg = Debug|Any CPU
		{94C86165-2ED3-4F8C-9ED2-73315DE5D8DA}.Debug|x86.Build.0 = Debug|Any CPU
		{94C86165-2ED3-4F8C-9ED2-73315DE5D8DA}.Release|Any CPU.ActiveCfg = Release|Any CPU
		{94C86165-2ED3-4F8C-9ED2-73315DE5D8DA}.Release|Any CPU.Build.0 = Release|Any CPU
		{94C86165-2ED3-4F8C-9ED2-73315DE5D8DA}.Release|x64.ActiveCfg = Release|Any CPU
		{94C86165-2ED3-4F8C-9ED2-73315DE5D8DA}.Release|x64.Build.0 = Release|Any CPU
		{94C86165-2ED3-4F8C-9ED2-73315DE5D8DA}.Release|x86.ActiveCfg = Release|Any CPU
		{94C86165-2ED3-4F8C-9ED2-73315DE5D8DA}.Release|x86.Build.0 = Release|Any CPU
		{BA4CE066-00C2-A804-9561-1B2408E09792}.Debug|Any CPU.ActiveCfg = Debug|Any CPU
		{BA4CE066-00C2-A804-9561-1B2408E09792}.Debug|Any CPU.Build.0 = Debug|Any CPU
		{BA4CE066-00C2-A804-9561-1B2408E09792}.Debug|x64.ActiveCfg = Debug|Any CPU
		{BA4CE066-00C2-A804-9561-1B2408E09792}.Debug|x64.Build.0 = Debug|Any CPU
		{BA4CE066-00C2-A804-9561-1B2408E09792}.Debug|x86.ActiveCfg = Debug|Any CPU
		{BA4CE066-00C2-A804-9561-1B2408E09792}.Debug|x86.Build.0 = Debug|Any CPU
		{BA4CE066-00C2-A804-9561-1B2408E09792}.Release|Any CPU.ActiveCfg = Release|Any CPU
		{BA4CE066-00C2-A804-9561-1B2408E09792}.Release|Any CPU.Build.0 = Release|Any CPU
		{BA4CE066-00C2-A804-9561-1B2408E09792}.Release|x64.ActiveCfg = Release|Any CPU
		{BA4CE066-00C2-A804-9561-1B2408E09792}.Release|x64.Build.0 = Release|Any CPU
		{BA4CE066-00C2-A804-9561-1B2408E09792}.Release|x86.ActiveCfg = Release|Any CPU
		{BA4CE066-00C2-A804-9561-1B2408E09792}.Release|x86.Build.0 = Release|Any CPU
		{93C5073F-12A6-F245-AB87-4A4F9ADE8098}.Debug|Any CPU.ActiveCfg = Debug|Any CPU
		{93C5073F-12A6-F245-AB87-4A4F9ADE8098}.Debug|Any CPU.Build.0 = Debug|Any CPU
		{93C5073F-12A6-F245-AB87-4A4F9ADE8098}.Debug|x64.ActiveCfg = Debug|Any CPU
		{93C5073F-12A6-F245-AB87-4A4F9ADE8098}.Debug|x64.Build.0 = Debug|Any CPU
		{93C5073F-12A6-F245-AB87-4A4F9ADE8098}.Debug|x86.ActiveCfg = Debug|Any CPU
		{93C5073F-12A6-F245-AB87-4A4F9ADE8098}.Debug|x86.Build.0 = Debug|Any CPU
		{93C5073F-12A6-F245-AB87-4A4F9ADE8098}.Release|Any CPU.ActiveCfg = Release|Any CPU
		{93C5073F-12A6-F245-AB87-4A4F9ADE8098}.Release|Any CPU.Build.0 = Release|Any CPU
		{93C5073F-12A6-F245-AB87-4A4F9ADE8098}.Release|x64.ActiveCfg = Release|Any CPU
		{93C5073F-12A6-F245-AB87-4A4F9ADE8098}.Release|x64.Build.0 = Release|Any CPU
		{93C5073F-12A6-F245-AB87-4A4F9ADE8098}.Release|x86.ActiveCfg = Release|Any CPU
		{93C5073F-12A6-F245-AB87-4A4F9ADE8098}.Release|x86.Build.0 = Release|Any CPU
		{CFAC75AC-42EF-FBBE-0C48-BD09C286208B}.Debug|Any CPU.ActiveCfg = Debug|Any CPU
		{CFAC75AC-42EF-FBBE-0C48-BD09C286208B}.Debug|Any CPU.Build.0 = Debug|Any CPU
		{CFAC75AC-42EF-FBBE-0C48-BD09C286208B}.Debug|x64.ActiveCfg = Debug|Any CPU
		{CFAC75AC-42EF-FBBE-0C48-BD09C286208B}.Debug|x64.Build.0 = Debug|Any CPU
		{CFAC75AC-42EF-FBBE-0C48-BD09C286208B}.Debug|x86.ActiveCfg = Debug|Any CPU
		{CFAC75AC-42EF-FBBE-0C48-BD09C286208B}.Debug|x86.Build.0 = Debug|Any CPU
		{CFAC75AC-42EF-FBBE-0C48-BD09C286208B}.Release|Any CPU.ActiveCfg = Release|Any CPU
		{CFAC75AC-42EF-FBBE-0C48-BD09C286208B}.Release|Any CPU.Build.0 = Release|Any CPU
		{CFAC75AC-42EF-FBBE-0C48-BD09C286208B}.Release|x64.ActiveCfg = Release|Any CPU
		{CFAC75AC-42EF-FBBE-0C48-BD09C286208B}.Release|x64.Build.0 = Release|Any CPU
		{CFAC75AC-42EF-FBBE-0C48-BD09C286208B}.Release|x86.ActiveCfg = Release|Any CPU
		{CFAC75AC-42EF-FBBE-0C48-BD09C286208B}.Release|x86.Build.0 = Release|Any CPU
		{D71F0F08-7418-4A7D-8F28-64F241E2BE76}.Debug|Any CPU.ActiveCfg = Debug|Any CPU
		{D71F0F08-7418-4A7D-8F28-64F241E2BE76}.Debug|Any CPU.Build.0 = Debug|Any CPU
		{D71F0F08-7418-4A7D-8F28-64F241E2BE76}.Debug|x64.ActiveCfg = Debug|Any CPU
		{D71F0F08-7418-4A7D-8F28-64F241E2BE76}.Debug|x64.Build.0 = Debug|Any CPU
		{D71F0F08-7418-4A7D-8F28-64F241E2BE76}.Debug|x86.ActiveCfg = Debug|Any CPU
		{D71F0F08-7418-4A7D-8F28-64F241E2BE76}.Debug|x86.Build.0 = Debug|Any CPU
		{D71F0F08-7418-4A7D-8F28-64F241E2BE76}.Release|Any CPU.ActiveCfg = Release|Any CPU
		{D71F0F08-7418-4A7D-8F28-64F241E2BE76}.Release|Any CPU.Build.0 = Release|Any CPU
		{D71F0F08-7418-4A7D-8F28-64F241E2BE76}.Release|x64.ActiveCfg = Release|Any CPU
		{D71F0F08-7418-4A7D-8F28-64F241E2BE76}.Release|x64.Build.0 = Release|Any CPU
		{D71F0F08-7418-4A7D-8F28-64F241E2BE76}.Release|x86.ActiveCfg = Release|Any CPU
		{D71F0F08-7418-4A7D-8F28-64F241E2BE76}.Release|x86.Build.0 = Release|Any CPU
		{A1B2C3D4-E5F6-7890-ABCD-EF1234567890}.Debug|Any CPU.ActiveCfg = Debug|Any CPU
		{A1B2C3D4-E5F6-7890-ABCD-EF1234567890}.Debug|Any CPU.Build.0 = Debug|Any CPU
		{A1B2C3D4-E5F6-7890-ABCD-EF1234567890}.Debug|x64.ActiveCfg = Debug|Any CPU
		{A1B2C3D4-E5F6-7890-ABCD-EF1234567890}.Debug|x64.Build.0 = Debug|Any CPU
		{A1B2C3D4-E5F6-7890-ABCD-EF1234567890}.Debug|x86.ActiveCfg = Debug|Any CPU
		{A1B2C3D4-E5F6-7890-ABCD-EF1234567890}.Debug|x86.Build.0 = Debug|Any CPU
		{A1B2C3D4-E5F6-7890-ABCD-EF1234567890}.Release|Any CPU.ActiveCfg = Release|Any CPU
		{A1B2C3D4-E5F6-7890-ABCD-EF1234567890}.Release|Any CPU.Build.0 = Release|Any CPU
		{A1B2C3D4-E5F6-7890-ABCD-EF1234567890}.Release|x64.ActiveCfg = Release|Any CPU
		{A1B2C3D4-E5F6-7890-ABCD-EF1234567890}.Release|x64.Build.0 = Release|Any CPU
		{A1B2C3D4-E5F6-7890-ABCD-EF1234567890}.Release|x86.ActiveCfg = Release|Any CPU
		{A1B2C3D4-E5F6-7890-ABCD-EF1234567890}.Release|x86.Build.0 = Release|Any CPU
		{B4DD9CAD-F242-5563-6C61-C3E16051FBB1}.Debug|Any CPU.ActiveCfg = Debug|Any CPU
		{B4DD9CAD-F242-5563-6C61-C3E16051FBB1}.Debug|Any CPU.Build.0 = Debug|Any CPU
		{B4DD9CAD-F242-5563-6C61-C3E16051FBB1}.Debug|x64.ActiveCfg = Debug|Any CPU
		{B4DD9CAD-F242-5563-6C61-C3E16051FBB1}.Debug|x64.Build.0 = Debug|Any CPU
		{B4DD9CAD-F242-5563-6C61-C3E16051FBB1}.Debug|x86.ActiveCfg = Debug|Any CPU
		{B4DD9CAD-F242-5563-6C61-C3E16051FBB1}.Debug|x86.Build.0 = Debug|Any CPU
		{B4DD9CAD-F242-5563-6C61-C3E16051FBB1}.Release|Any CPU.ActiveCfg = Release|Any CPU
		{B4DD9CAD-F242-5563-6C61-C3E16051FBB1}.Release|Any CPU.Build.0 = Release|Any CPU
		{B4DD9CAD-F242-5563-6C61-C3E16051FBB1}.Release|x64.ActiveCfg = Release|Any CPU
		{B4DD9CAD-F242-5563-6C61-C3E16051FBB1}.Release|x64.Build.0 = Release|Any CPU
		{B4DD9CAD-F242-5563-6C61-C3E16051FBB1}.Release|x86.ActiveCfg = Release|Any CPU
		{B4DD9CAD-F242-5563-6C61-C3E16051FBB1}.Release|x86.Build.0 = Release|Any CPU
		{24824B53-DB6A-4FBE-8852-F00145D38BBF}.Debug|Any CPU.ActiveCfg = Debug|Any CPU
		{24824B53-DB6A-4FBE-8852-F00145D38BBF}.Debug|Any CPU.Build.0 = Debug|Any CPU
		{24824B53-DB6A-4FBE-8852-F00145D38BBF}.Debug|x64.ActiveCfg = Debug|Any CPU
		{24824B53-DB6A-4FBE-8852-F00145D38BBF}.Debug|x64.Build.0 = Debug|Any CPU
		{24824B53-DB6A-4FBE-8852-F00145D38BBF}.Debug|x86.ActiveCfg = Debug|Any CPU
		{24824B53-DB6A-4FBE-8852-F00145D38BBF}.Debug|x86.Build.0 = Debug|Any CPU
		{24824B53-DB6A-4FBE-8852-F00145D38BBF}.Release|Any CPU.ActiveCfg = Release|Any CPU
		{24824B53-DB6A-4FBE-8852-F00145D38BBF}.Release|Any CPU.Build.0 = Release|Any CPU
		{24824B53-DB6A-4FBE-8852-F00145D38BBF}.Release|x64.ActiveCfg = Release|Any CPU
		{24824B53-DB6A-4FBE-8852-F00145D38BBF}.Release|x64.Build.0 = Release|Any CPU
		{24824B53-DB6A-4FBE-8852-F00145D38BBF}.Release|x86.ActiveCfg = Release|Any CPU
		{24824B53-DB6A-4FBE-8852-F00145D38BBF}.Release|x86.Build.0 = Release|Any CPU
		{1BEE45CF-C1BF-02A0-F26C-2B9792D6FBA6}.Debug|Any CPU.ActiveCfg = Editor.Windows.Debug|x64
		{1BEE45CF-C1BF-02A0-F26C-2B9792D6FBA6}.Debug|Any CPU.Build.0 = Editor.Windows.Debug|x64
		{1BEE45CF-C1BF-02A0-F26C-2B9792D6FBA6}.Debug|x64.ActiveCfg = Editor.Windows.Debug|x64
		{1BEE45CF-C1BF-02A0-F26C-2B9792D6FBA6}.Debug|x64.Build.0 = Editor.Windows.Debug|x64
		{1BEE45CF-C1BF-02A0-F26C-2B9792D6FBA6}.Debug|x86.ActiveCfg = Editor.Windows.Debug|x64
		{1BEE45CF-C1BF-02A0-F26C-2B9792D6FBA6}.Debug|x86.Build.0 = Editor.Windows.Debug|x64
		{1BEE45CF-C1BF-02A0-F26C-2B9792D6FBA6}.Release|Any CPU.ActiveCfg = Editor.Windows.Debug|x64
		{1BEE45CF-C1BF-02A0-F26C-2B9792D6FBA6}.Release|Any CPU.Build.0 = Editor.Windows.Debug|x64
		{1BEE45CF-C1BF-02A0-F26C-2B9792D6FBA6}.Release|x64.ActiveCfg = Editor.Windows.Debug|x64
		{1BEE45CF-C1BF-02A0-F26C-2B9792D6FBA6}.Release|x64.Build.0 = Editor.Windows.Debug|x64
		{1BEE45CF-C1BF-02A0-F26C-2B9792D6FBA6}.Release|x86.ActiveCfg = Editor.Windows.Debug|x64
		{1BEE45CF-C1BF-02A0-F26C-2B9792D6FBA6}.Release|x86.Build.0 = Editor.Windows.Debug|x64
		{F9D82B12-4579-9D2A-71AF-7091BEC89DE1}.Debug|Any CPU.ActiveCfg = Editor.Windows.Debug|x64
		{F9D82B12-4579-9D2A-71AF-7091BEC89DE1}.Debug|Any CPU.Build.0 = Editor.Windows.Debug|x64
		{F9D82B12-4579-9D2A-71AF-7091BEC89DE1}.Debug|x64.ActiveCfg = Editor.Windows.Debug|x64
		{F9D82B12-4579-9D2A-71AF-7091BEC89DE1}.Debug|x64.Build.0 = Editor.Windows.Debug|x64
		{F9D82B12-4579-9D2A-71AF-7091BEC89DE1}.Debug|x86.ActiveCfg = Editor.Windows.Debug|x64
		{F9D82B12-4579-9D2A-71AF-7091BEC89DE1}.Debug|x86.Build.0 = Editor.Windows.Debug|x64
		{F9D82B12-4579-9D2A-71AF-7091BEC89DE1}.Release|Any CPU.ActiveCfg = Editor.Windows.Debug|x64
		{F9D82B12-4579-9D2A-71AF-7091BEC89DE1}.Release|Any CPU.Build.0 = Editor.Windows.Debug|x64
		{F9D82B12-4579-9D2A-71AF-7091BEC89DE1}.Release|x64.ActiveCfg = Editor.Windows.Debug|x64
		{F9D82B12-4579-9D2A-71AF-7091BEC89DE1}.Release|x64.Build.0 = Editor.Windows.Debug|x64
		{F9D82B12-4579-9D2A-71AF-7091BEC89DE1}.Release|x86.ActiveCfg = Editor.Windows.Debug|x64
		{F9D82B12-4579-9D2A-71AF-7091BEC89DE1}.Release|x86.Build.0 = Editor.Windows.Debug|x64
		{4263804B-5661-1A0F-DC3C-8C8D22358E12}.Debug|Any CPU.ActiveCfg = Editor.Windows.Debug|x64
		{4263804B-5661-1A0F-DC3C-8C8D22358E12}.Debug|Any CPU.Build.0 = Editor.Windows.Debug|x64
		{4263804B-5661-1A0F-DC3C-8C8D22358E12}.Debug|x64.ActiveCfg = Editor.Windows.Debug|x64
		{4263804B-5661-1A0F-DC3C-8C8D22358E12}.Debug|x64.Build.0 = Editor.Windows.Debug|x64
		{4263804B-5661-1A0F-DC3C-8C8D22358E12}.Debug|x86.ActiveCfg = Editor.Windows.Debug|x64
		{4263804B-5661-1A0F-DC3C-8C8D22358E12}.Debug|x86.Build.0 = Editor.Windows.Debug|x64
		{4263804B-5661-1A0F-DC3C-8C8D22358E12}.Release|Any CPU.ActiveCfg = Editor.Windows.Debug|x64
		{4263804B-5661-1A0F-DC3C-8C8D22358E12}.Release|Any CPU.Build.0 = Editor.Windows.Debug|x64
		{4263804B-5661-1A0F-DC3C-8C8D22358E12}.Release|x64.ActiveCfg = Editor.Windows.Debug|x64
		{4263804B-5661-1A0F-DC3C-8C8D22358E12}.Release|x64.Build.0 = Editor.Windows.Debug|x64
		{4263804B-5661-1A0F-DC3C-8C8D22358E12}.Release|x86.ActiveCfg = Editor.Windows.Debug|x64
		{4263804B-5661-1A0F-DC3C-8C8D22358E12}.Release|x86.Build.0 = Editor.Windows.Debug|x64
	EndGlobalSection
	GlobalSection(SolutionProperties) = preSolution
		HideSolutionNode = FALSE
	EndGlobalSection
	GlobalSection(NestedProjects) = preSolution
		{833DB21F-5167-D1C2-B00D-85BA75DCEC72} = {6AE43B57-CA0B-4AAE-5BB3-F9F3CE89CAB0}
		{1BEE45CF-C1BF-02A0-F26C-2B9792D6FBA6} = {833DB21F-5167-D1C2-B00D-85BA75DCEC72}
		{F9D82B12-4579-9D2A-71AF-7091BEC89DE1} = {833DB21F-5167-D1C2-B00D-85BA75DCEC72}
		{4263804B-5661-1A0F-DC3C-8C8D22358E12} = {833DB21F-5167-D1C2-B00D-85BA75DCEC72}
	EndGlobalSection
	GlobalSection(ExtensibilityGlobals) = postSolution
		SolutionGuid = {5DE0035E-CE4E-4D47-829B-2C7BFF842FAA}
	EndGlobalSection
EndGlobal
