Microsoft Visual Studio Solution File, Format Version 12.00
# Visual Studio Version 17
VisualStudioVersion = 17.0.31314.256
MinimumVisualStudioVersion = 10.0.40219.1
Project("{2150E333-8FDC-42A3-9474-1A3956D46DE8}") = "Plugins", "Plugins", "{4FC02F05-4E6C-44D0-9064-166EA56EB49F}"
EndProject
Project("{2150E333-8FDC-42A3-9474-1A3956D46DE8}") = "NarrativePro", "Plugins/NarrativePro", "{A748C4DF-5BF7-435F-9CB1-CA843424D24C}"
EndProject
Project("{2150E333-8FDC-42A3-9474-1A3956D46DE8}") = "HundunAgent", "Plugins/HundunAgent", "{A94AEDA5-0CC3-469D-BA11-0CE18E1F743B}"
EndProject
Project("{2150E333-8FDC-42A3-9474-1A3956D46DE8}") = "Flax", "Flax", "{B8CB0DF9-CA77-4403-8449-8F1B0EDD026B}"
EndProject
Project("{FAE04EC0-301F-11D3-BF4B-00C04F79EFBC}") = "Game", "Source\Game.csproj", "{5A36E585-C5C1-EA12-380A-58952A1E4BC2}"
EndProject
Project("{FAE04EC0-301F-11D3-BF4B-00C04F79EFBC}") = "NarrativePro", "Plugins\NarrativePro\Source\NarrativePro.csproj", "{50C162E4-EB5C-4E6D-BA95-FC9230858D36}"
EndProject
Project("{FAE04EC0-301F-11D3-BF4B-00C04F79EFBC}") = "NarrativeProEditor", "Plugins\NarrativePro\Source\NarrativeProEditor.csproj", "{F1640CC2-AE38-49DB-AB44-F8626CD8A55E}"
	ProjectSection(ProjectDependencies) = postProject
		{50C162E4-EB5C-4E6D-BA95-FC9230858D36} = {50C162E4-EB5C-4E6D-BA95-FC9230858D36}
	EndProjectSection
EndProject
Project("{FAE04EC0-301F-11D3-BF4B-00C04F79EFBC}") = "HundunAgent", "Plugins\HundunAgent\Source\HundunAgent.csproj", "{054D88D3-E6FB-43C6-A43E-466F5A404A97}"
EndProject
Project("{FAE04EC0-301F-11D3-BF4B-00C04F79EFBC}") = "HundunAgentEditor", "Plugins\HundunAgent\Source\HundunAgentEditor.csproj", "{B0F63240-ADD3-4DAF-BA40-45B8C68C87B7}"
	ProjectSection(ProjectDependencies) = postProject
		{054D88D3-E6FB-43C6-A43E-466F5A404A97} = {054D88D3-E6FB-43C6-A43E-466F5A404A97}
	EndProjectSection
EndProject
Project("{8BC9CEB8-8B4A-11D0-8D11-00A0C91BC942}") = "Flax", "Cache\Projects\Flax.vcxproj", "{964F3595-F17C-4149-AE7E-8826D9BE11E8}"
EndProject
Project("{FAE04EC0-301F-11D3-BF4B-00C04F79EFBC}") = "BuildScripts", "Cache\Projects\BuildScripts.csproj", "{6687416D-BB78-406E-8B3C-5886DA79B55F}"
EndProject
Global
	GlobalSection(SolutionConfigurationPlatforms) = preSolution
		Editor.Debug|ARM64 = Editor.Debug|ARM64
		Editor.Debug|Win64 = Editor.Debug|Win64
		Editor.Development|ARM64 = Editor.Development|ARM64
		Editor.Development|Win64 = Editor.Development|Win64
		Editor.Release|ARM64 = Editor.Release|ARM64
		Editor.Release|Win64 = Editor.Release|Win64
		Game.Debug|ARM64 = Game.Debug|ARM64
		Game.Debug|Win64 = Game.Debug|Win64
		Game.Development|ARM64 = Game.Development|ARM64
		Game.Development|Win64 = Game.Development|Win64
		Game.Release|ARM64 = Game.Release|ARM64
		Game.Release|Win64 = Game.Release|Win64
	EndGlobalSection
	GlobalSection(ProjectConfigurationPlatforms) = postSolution
		{5A36E585-C5C1-EA12-380A-58952A1E4BC2}.Editor.Debug|ARM64.ActiveCfg = Editor.Windows.Debug|x64
		{5A36E585-C5C1-EA12-380A-58952A1E4BC2}.Editor.Debug|Win64.ActiveCfg = Editor.Windows.Debug|x64
		{5A36E585-C5C1-EA12-380A-58952A1E4BC2}.Editor.Debug|Win64.Build.0 = Editor.Windows.Debug|x64
		{5A36E585-C5C1-EA12-380A-58952A1E4BC2}.Editor.Development|ARM64.ActiveCfg = Editor.Windows.Development|x64
		{5A36E585-C5C1-EA12-380A-58952A1E4BC2}.Editor.Development|Win64.ActiveCfg = Editor.Windows.Development|x64
		{5A36E585-C5C1-EA12-380A-58952A1E4BC2}.Editor.Development|Win64.Build.0 = Editor.Windows.Development|x64
		{5A36E585-C5C1-EA12-380A-58952A1E4BC2}.Editor.Release|ARM64.ActiveCfg = Editor.Windows.Release|x64
		{5A36E585-C5C1-EA12-380A-58952A1E4BC2}.Editor.Release|Win64.ActiveCfg = Editor.Windows.Release|x64
		{5A36E585-C5C1-EA12-380A-58952A1E4BC2}.Editor.Release|Win64.Build.0 = Editor.Windows.Release|x64
		{5A36E585-C5C1-EA12-380A-58952A1E4BC2}.Game.Debug|ARM64.ActiveCfg = Editor.Windows.Debug|x64
		{5A36E585-C5C1-EA12-380A-58952A1E4BC2}.Game.Debug|Win64.ActiveCfg = Game.Windows.Debug|x64
		{5A36E585-C5C1-EA12-380A-58952A1E4BC2}.Game.Debug|Win64.Build.0 = Game.Windows.Debug|x64
		{5A36E585-C5C1-EA12-380A-58952A1E4BC2}.Game.Development|ARM64.ActiveCfg = Editor.Windows.Debug|x64
		{5A36E585-C5C1-EA12-380A-58952A1E4BC2}.Game.Development|Win64.ActiveCfg = Game.Windows.Development|x64
		{5A36E585-C5C1-EA12-380A-58952A1E4BC2}.Game.Development|Win64.Build.0 = Game.Windows.Development|x64
		{5A36E585-C5C1-EA12-380A-58952A1E4BC2}.Game.Release|ARM64.ActiveCfg = Editor.Windows.Debug|x64
		{5A36E585-C5C1-EA12-380A-58952A1E4BC2}.Game.Release|Win64.ActiveCfg = Game.Windows.Release|x64
		{5A36E585-C5C1-EA12-380A-58952A1E4BC2}.Game.Release|Win64.Build.0 = Game.Windows.Release|x64
		{50C162E4-EB5C-4E6D-BA95-FC9230858D36}.Editor.Debug|ARM64.ActiveCfg = Editor.Windows.Debug|x64
		{50C162E4-EB5C-4E6D-BA95-FC9230858D36}.Editor.Debug|Win64.ActiveCfg = Editor.Windows.Debug|x64
		{50C162E4-EB5C-4E6D-BA95-FC9230858D36}.Editor.Debug|Win64.Build.0 = Editor.Windows.Debug|x64
		{50C162E4-EB5C-4E6D-BA95-FC9230858D36}.Editor.Development|ARM64.ActiveCfg = Editor.Windows.Development|x64
		{50C162E4-EB5C-4E6D-BA95-FC9230858D36}.Editor.Development|Win64.ActiveCfg = Editor.Windows.Development|x64
		{50C162E4-EB5C-4E6D-BA95-FC9230858D36}.Editor.Development|Win64.Build.0 = Editor.Windows.Development|x64
		{50C162E4-EB5C-4E6D-BA95-FC9230858D36}.Editor.Release|ARM64.ActiveCfg = Editor.Windows.Release|x64
		{50C162E4-EB5C-4E6D-BA95-FC9230858D36}.Editor.Release|Win64.ActiveCfg = Editor.Windows.Release|x64
		{50C162E4-EB5C-4E6D-BA95-FC9230858D36}.Editor.Release|Win64.Build.0 = Editor.Windows.Release|x64
		{50C162E4-EB5C-4E6D-BA95-FC9230858D36}.Game.Debug|ARM64.ActiveCfg = Editor.Windows.Debug|x64
		{50C162E4-EB5C-4E6D-BA95-FC9230858D36}.Game.Debug|Win64.ActiveCfg = Game.Windows.Debug|x64
		{50C162E4-EB5C-4E6D-BA95-FC9230858D36}.Game.Debug|Win64.Build.0 = Game.Windows.Debug|x64
		{50C162E4-EB5C-4E6D-BA95-FC9230858D36}.Game.Development|ARM64.ActiveCfg = Editor.Windows.Debug|x64
		{50C162E4-EB5C-4E6D-BA95-FC9230858D36}.Game.Development|Win64.ActiveCfg = Game.Windows.Development|x64
		{50C162E4-EB5C-4E6D-BA95-FC9230858D36}.Game.Development|Win64.Build.0 = Game.Windows.Development|x64
		{50C162E4-EB5C-4E6D-BA95-FC9230858D36}.Game.Release|ARM64.ActiveCfg = Editor.Windows.Debug|x64
		{50C162E4-EB5C-4E6D-BA95-FC9230858D36}.Game.Release|Win64.ActiveCfg = Game.Windows.Release|x64
		{50C162E4-EB5C-4E6D-BA95-FC9230858D36}.Game.Release|Win64.Build.0 = Game.Windows.Release|x64
		{F1640CC2-AE38-49DB-AB44-F8626CD8A55E}.Editor.Debug|ARM64.ActiveCfg = Editor.Windows.Debug|x64
		{F1640CC2-AE38-49DB-AB44-F8626CD8A55E}.Editor.Debug|Win64.ActiveCfg = Editor.Windows.Debug|x64
		{F1640CC2-AE38-49DB-AB44-F8626CD8A55E}.Editor.Debug|Win64.Build.0 = Editor.Windows.Debug|x64
		{F1640CC2-AE38-49DB-AB44-F8626CD8A55E}.Editor.Development|ARM64.ActiveCfg = Editor.Windows.Development|x64
		{F1640CC2-AE38-49DB-AB44-F8626CD8A55E}.Editor.Development|Win64.ActiveCfg = Editor.Windows.Development|x64
		{F1640CC2-AE38-49DB-AB44-F8626CD8A55E}.Editor.Development|Win64.Build.0 = Editor.Windows.Development|x64
		{F1640CC2-AE38-49DB-AB44-F8626CD8A55E}.Editor.Release|ARM64.ActiveCfg = Editor.Windows.Release|x64
		{F1640CC2-AE38-49DB-AB44-F8626CD8A55E}.Editor.Release|Win64.ActiveCfg = Editor.Windows.Release|x64
		{F1640CC2-AE38-49DB-AB44-F8626CD8A55E}.Editor.Release|Win64.Build.0 = Editor.Windows.Release|x64
		{F1640CC2-AE38-49DB-AB44-F8626CD8A55E}.Game.Debug|ARM64.ActiveCfg = Editor.Windows.Debug|x64
		{F1640CC2-AE38-49DB-AB44-F8626CD8A55E}.Game.Debug|Win64.ActiveCfg = Game.Windows.Debug|x64
		{F1640CC2-AE38-49DB-AB44-F8626CD8A55E}.Game.Debug|Win64.Build.0 = Game.Windows.Debug|x64
		{F1640CC2-AE38-49DB-AB44-F8626CD8A55E}.Game.Development|ARM64.ActiveCfg = Editor.Windows.Debug|x64
		{F1640CC2-AE38-49DB-AB44-F8626CD8A55E}.Game.Development|Win64.ActiveCfg = Game.Windows.Development|x64
		{F1640CC2-AE38-49DB-AB44-F8626CD8A55E}.Game.Development|Win64.Build.0 = Game.Windows.Development|x64
		{F1640CC2-AE38-49DB-AB44-F8626CD8A55E}.Game.Release|ARM64.ActiveCfg = Editor.Windows.Debug|x64
		{F1640CC2-AE38-49DB-AB44-F8626CD8A55E}.Game.Release|Win64.ActiveCfg = Game.Windows.Release|x64
		{F1640CC2-AE38-49DB-AB44-F8626CD8A55E}.Game.Release|Win64.Build.0 = Game.Windows.Release|x64
		{054D88D3-E6FB-43C6-A43E-466F5A404A97}.Editor.Debug|ARM64.ActiveCfg = Editor.Windows.Debug|ARM64
		{054D88D3-E6FB-43C6-A43E-466F5A404A97}.Editor.Debug|ARM64.Build.0 = Editor.Windows.Debug|ARM64
		{054D88D3-E6FB-43C6-A43E-466F5A404A97}.Editor.Debug|Win64.ActiveCfg = Editor.Windows.Debug|x64
		{054D88D3-E6FB-43C6-A43E-466F5A404A97}.Editor.Debug|Win64.Build.0 = Editor.Windows.Debug|x64
		{054D88D3-E6FB-43C6-A43E-466F5A404A97}.Editor.Development|ARM64.ActiveCfg = Editor.Windows.Development|ARM64
		{054D88D3-E6FB-43C6-A43E-466F5A404A97}.Editor.Development|ARM64.Build.0 = Editor.Windows.Development|ARM64
		{054D88D3-E6FB-43C6-A43E-466F5A404A97}.Editor.Development|Win64.ActiveCfg = Editor.Windows.Development|x64
		{054D88D3-E6FB-43C6-A43E-466F5A404A97}.Editor.Development|Win64.Build.0 = Editor.Windows.Development|x64
		{054D88D3-E6FB-43C6-A43E-466F5A404A97}.Editor.Release|ARM64.ActiveCfg = Editor.Windows.Release|ARM64
		{054D88D3-E6FB-43C6-A43E-466F5A404A97}.Editor.Release|ARM64.Build.0 = Editor.Windows.Release|ARM64
		{054D88D3-E6FB-43C6-A43E-466F5A404A97}.Editor.Release|Win64.ActiveCfg = Editor.Windows.Release|x64
		{054D88D3-E6FB-43C6-A43E-466F5A404A97}.Editor.Release|Win64.Build.0 = Editor.Windows.Release|x64
		{054D88D3-E6FB-43C6-A43E-466F5A404A97}.Game.Debug|ARM64.ActiveCfg = Game.Windows.Debug|ARM64
		{054D88D3-E6FB-43C6-A43E-466F5A404A97}.Game.Debug|ARM64.Build.0 = Game.Windows.Debug|ARM64
		{054D88D3-E6FB-43C6-A43E-466F5A404A97}.Game.Debug|Win64.ActiveCfg = Game.Windows.Debug|x64
		{054D88D3-E6FB-43C6-A43E-466F5A404A97}.Game.Debug|Win64.Build.0 = Game.Windows.Debug|x64
		{054D88D3-E6FB-43C6-A43E-466F5A404A97}.Game.Development|ARM64.ActiveCfg = Game.Windows.Development|ARM64
		{054D88D3-E6FB-43C6-A43E-466F5A404A97}.Game.Development|ARM64.Build.0 = Game.Windows.Development|ARM64
		{054D88D3-E6FB-43C6-A43E-466F5A404A97}.Game.Development|Win64.ActiveCfg = Game.Windows.Development|x64
		{054D88D3-E6FB-43C6-A43E-466F5A404A97}.Game.Development|Win64.Build.0 = Game.Windows.Development|x64
		{054D88D3-E6FB-43C6-A43E-466F5A404A97}.Game.Release|ARM64.ActiveCfg = Game.Windows.Release|ARM64
		{054D88D3-E6FB-43C6-A43E-466F5A404A97}.Game.Release|ARM64.Build.0 = Game.Windows.Release|ARM64
		{054D88D3-E6FB-43C6-A43E-466F5A404A97}.Game.Release|Win64.ActiveCfg = Game.Windows.Release|x64
		{054D88D3-E6FB-43C6-A43E-466F5A404A97}.Game.Release|Win64.Build.0 = Game.Windows.Release|x64
		{B0F63240-ADD3-4DAF-BA40-45B8C68C87B7}.Editor.Debug|ARM64.ActiveCfg = Editor.Windows.Debug|ARM64
		{B0F63240-ADD3-4DAF-BA40-45B8C68C87B7}.Editor.Debug|ARM64.Build.0 = Editor.Windows.Debug|ARM64
		{B0F63240-ADD3-4DAF-BA40-45B8C68C87B7}.Editor.Debug|Win64.ActiveCfg = Editor.Windows.Debug|x64
		{B0F63240-ADD3-4DAF-BA40-45B8C68C87B7}.Editor.Debug|Win64.Build.0 = Editor.Windows.Debug|x64
		{B0F63240-ADD3-4DAF-BA40-45B8C68C87B7}.Editor.Development|ARM64.ActiveCfg = Editor.Windows.Development|ARM64
		{B0F63240-ADD3-4DAF-BA40-45B8C68C87B7}.Editor.Development|ARM64.Build.0 = Editor.Windows.Development|ARM64
		{B0F63240-ADD3-4DAF-BA40-45B8C68C87B7}.Editor.Development|Win64.ActiveCfg = Editor.Windows.Development|x64
		{B0F63240-ADD3-4DAF-BA40-45B8C68C87B7}.Editor.Development|Win64.Build.0 = Editor.Windows.Development|x64
		{B0F63240-ADD3-4DAF-BA40-45B8C68C87B7}.Editor.Release|ARM64.ActiveCfg = Editor.Windows.Release|ARM64
		{B0F63240-ADD3-4DAF-BA40-45B8C68C87B7}.Editor.Release|ARM64.Build.0 = Editor.Windows.Release|ARM64
		{B0F63240-ADD3-4DAF-BA40-45B8C68C87B7}.Editor.Release|Win64.ActiveCfg = Editor.Windows.Release|x64
		{B0F63240-ADD3-4DAF-BA40-45B8C68C87B7}.Editor.Release|Win64.Build.0 = Editor.Windows.Release|x64
		{B0F63240-ADD3-4DAF-BA40-45B8C68C87B7}.Game.Debug|ARM64.ActiveCfg = Game.Windows.Debug|ARM64
		{B0F63240-ADD3-4DAF-BA40-45B8C68C87B7}.Game.Debug|ARM64.Build.0 = Game.Windows.Debug|ARM64
		{B0F63240-ADD3-4DAF-BA40-45B8C68C87B7}.Game.Debug|Win64.ActiveCfg = Game.Windows.Debug|x64
		{B0F63240-ADD3-4DAF-BA40-45B8C68C87B7}.Game.Debug|Win64.Build.0 = Game.Windows.Debug|x64
		{B0F63240-ADD3-4DAF-BA40-45B8C68C87B7}.Game.Development|ARM64.ActiveCfg = Game.Windows.Development|ARM64
		{B0F63240-ADD3-4DAF-BA40-45B8C68C87B7}.Game.Development|ARM64.Build.0 = Game.Windows.Development|ARM64
		{B0F63240-ADD3-4DAF-BA40-45B8C68C87B7}.Game.Development|Win64.ActiveCfg = Game.Windows.Development|x64
		{B0F63240-ADD3-4DAF-BA40-45B8C68C87B7}.Game.Development|Win64.Build.0 = Game.Windows.Development|x64
		{B0F63240-ADD3-4DAF-BA40-45B8C68C87B7}.Game.Release|ARM64.ActiveCfg = Game.Windows.Release|ARM64
		{B0F63240-ADD3-4DAF-BA40-45B8C68C87B7}.Game.Release|ARM64.Build.0 = Game.Windows.Release|ARM64
		{B0F63240-ADD3-4DAF-BA40-45B8C68C87B7}.Game.Release|Win64.ActiveCfg = Game.Windows.Release|x64
		{B0F63240-ADD3-4DAF-BA40-45B8C68C87B7}.Game.Release|Win64.Build.0 = Game.Windows.Release|x64
		{964F3595-F17C-4149-AE7E-8826D9BE11E8}.Editor.Debug|ARM64.ActiveCfg = Editor.Windows.Debug|x64
		{964F3595-F17C-4149-AE7E-8826D9BE11E8}.Editor.Debug|Win64.ActiveCfg = Editor.Windows.Debug|x64
		{964F3595-F17C-4149-AE7E-8826D9BE11E8}.Editor.Development|ARM64.ActiveCfg = Editor.Windows.Development|x64
		{964F3595-F17C-4149-AE7E-8826D9BE11E8}.Editor.Development|Win64.ActiveCfg = Editor.Windows.Development|x64
		{964F3595-F17C-4149-AE7E-8826D9BE11E8}.Editor.Release|ARM64.ActiveCfg = Editor.Windows.Release|x64
		{964F3595-F17C-4149-AE7E-8826D9BE11E8}.Editor.Release|Win64.ActiveCfg = Editor.Windows.Release|x64
		{964F3595-F17C-4149-AE7E-8826D9BE11E8}.Game.Debug|ARM64.ActiveCfg = Editor.Windows.Debug|x64
		{964F3595-F17C-4149-AE7E-8826D9BE11E8}.Game.Debug|Win64.ActiveCfg = Game.Windows.Debug|x64
		{964F3595-F17C-4149-AE7E-8826D9BE11E8}.Game.Development|ARM64.ActiveCfg = Editor.Windows.Debug|x64
		{964F3595-F17C-4149-AE7E-8826D9BE11E8}.Game.Development|Win64.ActiveCfg = Game.Windows.Development|x64
		{964F3595-F17C-4149-AE7E-8826D9BE11E8}.Game.Release|ARM64.ActiveCfg = Editor.Windows.Debug|x64
		{964F3595-F17C-4149-AE7E-8826D9BE11E8}.Game.Release|Win64.ActiveCfg = Game.Windows.Release|x64
		{6687416D-BB78-406E-8B3C-5886DA79B55F}.Editor.Debug|ARM64.ActiveCfg = Debug|Any CPU
		{6687416D-BB78-406E-8B3C-5886DA79B55F}.Editor.Debug|Win64.ActiveCfg = Debug|Any CPU
		{6687416D-BB78-406E-8B3C-5886DA79B55F}.Editor.Development|ARM64.ActiveCfg = Debug|Any CPU
		{6687416D-BB78-406E-8B3C-5886DA79B55F}.Editor.Development|Win64.ActiveCfg = Debug|Any CPU
		{6687416D-BB78-406E-8B3C-5886DA79B55F}.Editor.Release|ARM64.ActiveCfg = Debug|Any CPU
		{6687416D-BB78-406E-8B3C-5886DA79B55F}.Editor.Release|Win64.ActiveCfg = Debug|Any CPU
		{6687416D-BB78-406E-8B3C-5886DA79B55F}.Game.Debug|ARM64.ActiveCfg = Debug|Any CPU
		{6687416D-BB78-406E-8B3C-5886DA79B55F}.Game.Debug|Win64.ActiveCfg = Debug|Any CPU
		{6687416D-BB78-406E-8B3C-5886DA79B55F}.Game.Development|ARM64.ActiveCfg = Debug|Any CPU
		{6687416D-BB78-406E-8B3C-5886DA79B55F}.Game.Development|Win64.ActiveCfg = Debug|Any CPU
		{6687416D-BB78-406E-8B3C-5886DA79B55F}.Game.Release|ARM64.ActiveCfg = Debug|Any CPU
		{6687416D-BB78-406E-8B3C-5886DA79B55F}.Game.Release|Win64.ActiveCfg = Debug|Any CPU
	EndGlobalSection
	GlobalSection(SolutionProperties) = preSolution
		HideSolutionNode = FALSE
	EndGlobalSection
	GlobalSection(NestedProjects) = preSolution
		{A748C4DF-5BF7-435F-9CB1-CA843424D24C} = {4FC02F05-4E6C-44D0-9064-166EA56EB49F}
		{A94AEDA5-0CC3-469D-BA11-0CE18E1F743B} = {4FC02F05-4E6C-44D0-9064-166EA56EB49F}
		{50C162E4-EB5C-4E6D-BA95-FC9230858D36} = {A748C4DF-5BF7-435F-9CB1-CA843424D24C}
		{F1640CC2-AE38-49DB-AB44-F8626CD8A55E} = {A748C4DF-5BF7-435F-9CB1-CA843424D24C}
		{054D88D3-E6FB-43C6-A43E-466F5A404A97} = {A94AEDA5-0CC3-469D-BA11-0CE18E1F743B}
		{B0F63240-ADD3-4DAF-BA40-45B8C68C87B7} = {A94AEDA5-0CC3-469D-BA11-0CE18E1F743B}
		{964F3595-F17C-4149-AE7E-8826D9BE11E8} = {B8CB0DF9-CA77-4403-8449-8F1B0EDD026B}
	EndGlobalSection
	GlobalSection(ExtensibilityGlobals) = postSolution
		SolutionGuid = {C164D390-D0D4-43EF-875E-52C1C6496715}
	EndGlobalSection
EndGlobal
